// !$*UTF8*$!
{
	archiveVersion = 1;
	classes = {
	};
	objectVersion = 55;
	objects = {

/* Begin PBXBuildFile section */
		15FBDC9FAC714323B26CA9AE /* Pods_GBFrameworks.framework in Frameworks */ = {isa = PBXBuildFile; fileRef = 17EBFD4DEF043864384AE670 /* Pods_GBFrameworks.framework */; };
		5289B2D328579EEA0011B3D5 /* AppDelegate.swift in Sources */ = {isa = PBXBuildFile; fileRef = 5289B2D228579EEA0011B3D5 /* AppDelegate.swift */; };
		5289B2D528579EEA0011B3D5 /* SceneDelegate.swift in Sources */ = {isa = PBXBuildFile; fileRef = 5289B2D428579EEA0011B3D5 /* SceneDelegate.swift */; };
		5289B2D728579EEA0011B3D5 /* MapViewController.swift in Sources */ = {isa = PBXBuildFile; fileRef = 5289B2D628579EEA0011B3D5 /* MapViewController.swift */; };
		5289B2DA28579EEA0011B3D5 /* Main.storyboard in Resources */ = {isa = PBXBuildFile; fileRef = 5289B2D828579EEA0011B3D5 /* Main.storyboard */; };
		5289B2DC28579EEB0011B3D5 /* Assets.xcassets in Resources */ = {isa = PBXBuildFile; fileRef = 5289B2DB28579EEB0011B3D5 /* Assets.xcassets */; };
		5289B2DF28579EEB0011B3D5 /* LaunchScreen.storyboard in Resources */ = {isa = PBXBuildFile; fileRef = 5289B2DD28579EEB0011B3D5 /* LaunchScreen.storyboard */; };
/* End PBXBuildFile section */

/* Begin PBXFileReference section */
		17EBFD4DEF043864384AE670 /* Pods_GBFrameworks.framework */ = {isa = PBXFileReference; explicitFileType = wrapper.framework; includeInIndex = 0; path = Pods_GBFrameworks.framework; sourceTree = BUILT_PRODUCTS_DIR; };
		5289B2CF28579EEA0011B3D5 /* GBFrameworks.app */ = {isa = PBXFileReference; explicitFileType = wrapper.application; includeInIndex = 0; path = GBFrameworks.app; sourceTree = BUILT_PRODUCTS_DIR; };
		5289B2D228579EEA0011B3D5 /* AppDelegate.swift */ = {isa = PBXFileReference; lastKnownFileType = sourcecode.swift; path = AppDelegate.swift; sourceTree = "<group>"; };
		5289B2D428579EEA0011B3D5 /* SceneDelegate.swift */ = {isa = PBXFileReference; lastKnownFileType = sourcecode.swift; path = SceneDelegate.swift; sourceTree = "<group>"; };
		5289B2D628579EEA0011B3D5 /* MapViewController.swift */ = {isa = PBXFileReference; lastKnownFileType = sourcecode.swift; path = MapViewController.swift; sourceTree = "<group>"; };
		5289B2D928579EEA0011B3D5 /* Base */ = {isa = PBXFileReference; lastKnownFileType = file.storyboard; name = Base; path = Base.lproj/Main.storyboard; sourceTree = "<group>"; };
		5289B2DB28579EEB0011B3D5 /* Assets.xcassets */ = {isa = PBXFileReference; lastKnownFileType = folder.assetcatalog; path = Assets.xcassets; sourceTree = "<group>"; };
		5289B2DE28579EEB0011B3D5 /* Base */ = {isa = PBXFileReference; lastKnownFileType = file.storyboard; name = Base; path = Base.lproj/LaunchScreen.storyboard; sourceTree = "<group>"; };
		5289B2E028579EEB0011B3D5 /* Info.plist */ = {isa = PBXFileReference; lastKnownFileType = text.plist.xml; path = Info.plist; sourceTree = "<group>"; };
		97231444261A5D904113AC4D /* Pods-GBFrameworks.release.xcconfig */ = {isa = PBXFileReference; includeInIndex = 1; lastKnownFileType = text.xcconfig; name = "Pods-GBFrameworks.release.xcconfig"; path = "Target Support Files/Pods-GBFrameworks/Pods-GBFrameworks.release.xcconfig"; sourceTree = "<group>"; };
		E9914D62E197766DE550D683 /* Pods-GBFrameworks.debug.xcconfig */ = {isa = PBXFileReference; includeInIndex = 1; lastKnownFileType = text.xcconfig; name = "Pods-GBFrameworks.debug.xcconfig"; path = "Target Support Files/Pods-GBFrameworks/Pods-GBFrameworks.debug.xcconfig"; sourceTree = "<group>"; };
/* End PBXFileReference section */

/* Begin PBXFrameworksBuildPhase section */
		5289B2CC28579EEA0011B3D5 /* Frameworks */ = {
			isa = PBXFrameworksBuildPhase;
			buildActionMask = 2147483647;
			files = (
				15FBDC9FAC714323B26CA9AE /* Pods_GBFrameworks.framework in Frameworks */,
			);
			runOnlyForDeploymentPostprocessing = 0;
		};
/* End PBXFrameworksBuildPhase section */

/* Begin PBXGroup section */
		5289B2C628579EEA0011B3D5 = {
			isa = PBXGroup;
			children = (
				5289B2D128579EEA0011B3D5 /* GBFrameworks */,
				5289B2D028579EEA0011B3D5 /* Products */,
				885F3EAB9087E804FCBD2924 /* Pods */,
				72CDCFF2BAADC28700A90344 /* Frameworks */,
			);
			sourceTree = "<group>";
		};
		5289B2D028579EEA0011B3D5 /* Products */ = {
			isa = PBXGroup;
			children = (
				5289B2CF28579EEA0011B3D5 /* GBFrameworks.app */,
			);
			name = Products;
			sourceTree = "<group>";
		};
		5289B2D128579EEA0011B3D5 /* GBFrameworks */ = {
			isa = PBXGroup;
			children = (
				529EAD1A285904DF0078F5B3 /* App */,
				529EAD19285904AB0078F5B3 /* Resources */,
				529EAD182859046C0078F5B3 /* Environments */,
			);
			path = GBFrameworks;
			sourceTree = "<group>";
		};
		529EAD182859046C0078F5B3 /* Environments */ = {
			isa = PBXGroup;
			children = (
				5289B2E028579EEB0011B3D5 /* Info.plist */,
			);
			path = Environments;
			sourceTree = "<group>";
		};
		529EAD19285904AB0078F5B3 /* Resources */ = {
			isa = PBXGroup;
			children = (
				5289B2D828579EEA0011B3D5 /* Main.storyboard */,
				5289B2DD28579EEB0011B3D5 /* LaunchScreen.storyboard */,
				5289B2DB28579EEB0011B3D5 /* Assets.xcassets */,
			);
			path = Resources;
			sourceTree = "<group>";
		};
		529EAD1A285904DF0078F5B3 /* App */ = {
			isa = PBXGroup;
			children = (
				5289B2D228579EEA0011B3D5 /* AppDelegate.swift */,
				5289B2D428579EEA0011B3D5 /* SceneDelegate.swift */,
				529EAD1B285904EA0078F5B3 /* Flows */,
			);
			path = App;
			sourceTree = "<group>";
		};
		529EAD1B285904EA0078F5B3 /* Flows */ = {
			isa = PBXGroup;
			children = (
				5289B2D628579EEA0011B3D5 /* MapViewController.swift */,
			);
			path = Flows;
			sourceTree = "<group>";
		};
		72CDCFF2BAADC28700A90344 /* Frameworks */ = {
			isa = PBXGroup;
			children = (
				17EBFD4DEF043864384AE670 /* Pods_GBFrameworks.framework */,
			);
			name = Frameworks;
			sourceTree = "<group>";
		};
		885F3EAB9087E804FCBD2924 /* Pods */ = {
			isa = PBXGroup;
			children = (
				E9914D62E197766DE550D683 /* Pods-GBFrameworks.debug.xcconfig */,
				97231444261A5D904113AC4D /* Pods-GBFrameworks.release.xcconfig */,
			);
			path = Pods;
			sourceTree = "<group>";
		};
/* End PBXGroup section */

/* Begin PBXNativeTarget section */
		5289B2CE28579EEA0011B3D5 /* GBFrameworks */ = {
			isa = PBXNativeTarget;
			buildConfigurationList = 5289B2E328579EEB0011B3D5 /* Build configuration list for PBXNativeTarget "GBFrameworks" */;
			buildPhases = (
				FB76B012778A596D934A2EAF /* [CP] Check Pods Manifest.lock */,
				5289B2CB28579EEA0011B3D5 /* Sources */,
				5289B2CC28579EEA0011B3D5 /* Frameworks */,
				5289B2CD28579EEA0011B3D5 /* Resources */,
				6BEB4953B0CB15ADD726E31E /* [CP] Copy Pods Resources */,
			);
			buildRules = (
			);
			dependencies = (
			);
			name = GBFrameworks;
			productName = GBFrameworks;
			productReference = 5289B2CF28579EEA0011B3D5 /* GBFrameworks.app */;
			productType = "com.apple.product-type.application";
		};
/* End PBXNativeTarget section */

/* Begin PBXProject section */
		5289B2C728579EEA0011B3D5 /* Project object */ = {
			isa = PBXProject;
			attributes = {
				BuildIndependentTargetsInParallel = 1;
				LastSwiftUpdateCheck = 1340;
				LastUpgradeCheck = 1340;
				TargetAttributes = {
					5289B2CE28579EEA0011B3D5 = {
						CreatedOnToolsVersion = 13.4.1;
					};
				};
			};
			buildConfigurationList = 5289B2CA28579EEA0011B3D5 /* Build configuration list for PBXProject "GBFrameworks" */;
			compatibilityVersion = "Xcode 13.0";
			developmentRegion = en;
			hasScannedForEncodings = 0;
			knownRegions = (
				en,
				Base,
			);
			mainGroup = 5289B2C628579EEA0011B3D5;
			productRefGroup = 5289B2D028579EEA0011B3D5 /* Products */;
			projectDirPath = "";
			projectRoot = "";
			targets = (
				5289B2CE28579EEA0011B3D5 /* GBFrameworks */,
			);
		};
/* End PBXProject section */

/* Begin PBXResourcesBuildPhase section */
		5289B2CD28579EEA0011B3D5 /* Resources */ = {
			isa = PBXResourcesBuildPhase;
			buildActionMask = 2147483647;
			files = (
				5289B2DF28579EEB0011B3D5 /* LaunchScreen.storyboard in Resources */,
				5289B2DC28579EEB0011B3D5 /* Assets.xcassets in Resources */,
				5289B2DA28579EEA0011B3D5 /* Main.storyboard in Resources */,
			);
			runOnlyForDeploymentPostprocessing = 0;
		};
/* End PBXResourcesBuildPhase section */

/* Begin PBXShellScriptBuildPhase section */
		6BEB4953B0CB15ADD726E31E /* [CP] Copy Pods Resources */ = {
			isa = PBXShellScriptBuildPhase;
			buildActionMask = 2147483647;
			files = (
			);
			inputFileListPaths = (
				"${PODS_ROOT}/Target Support Files/Pods-GBFrameworks/Pods-GBFrameworks-resources-${CONFIGURATION}-input-files.xcfilelist",
			);
			name = "[CP] Copy Pods Resources";
			outputFileListPaths = (
				"${PODS_ROOT}/Target Support Files/Pods-GBFrameworks/Pods-GBFrameworks-resources-${CONFIGURATION}-output-files.xcfilelist",
			);
			runOnlyForDeploymentPostprocessing = 0;
			shellPath = /bin/sh;
			shellScript = "\"${PODS_ROOT}/Target Support Files/Pods-GBFrameworks/Pods-GBFrameworks-resources.sh\"\n";
			showEnvVarsInLog = 0;
		};
		FB76B012778A596D934A2EAF /* [CP] Check Pods Manifest.lock */ = {
			isa = PBXShellScriptBuildPhase;
			buildActionMask = 2147483647;
			files = (
			);
			inputFileListPaths = (
			);
			inputPaths = (
				"${PODS_PODFILE_DIR_PATH}/Podfile.lock",
				"${PODS_ROOT}/Manifest.lock",
			);
			name = "[CP] Check Pods Manifest.lock";
			outputFileListPaths = (
			);
			outputPaths = (
				"$(DERIVED_FILE_DIR)/Pods-GBFrameworks-checkManifestLockResult.txt",
			);
			runOnlyForDeploymentPostprocessing = 0;
			shellPath = /bin/sh;
			shellScript = "diff \"${PODS_PODFILE_DIR_PATH}/Podfile.lock\" \"${PODS_ROOT}/Manifest.lock\" > /dev/null\nif [ $? != 0 ] ; then\n    # print error to STDERR\n    echo \"error: The sandbox is not in sync with the Podfile.lock. Run 'pod install' or update your CocoaPods installation.\" >&2\n    exit 1\nfi\n# This output is used by Xcode 'outputs' to avoid re-running this script phase.\necho \"SUCCESS\" > \"${SCRIPT_OUTPUT_FILE_0}\"\n";
			showEnvVarsInLog = 0;
		};
/* End PBXShellScriptBuildPhase section */

/* Begin PBXSourcesBuildPhase section */
		5289B2CB28579EEA0011B3D5 /* Sources */ = {
			isa = PBXSourcesBuildPhase;
			buildActionMask = 2147483647;
			files = (
				5289B2D728579EEA0011B3D5 /* MapViewController.swift in Sources */,
				5289B2D328579EEA0011B3D5 /* AppDelegate.swift in Sources */,
				5289B2D528579EEA0011B3D5 /* SceneDelegate.swift in Sources */,
			);
			runOnlyForDeploymentPostprocessing = 0;
		};
/* End PBXSourcesBuildPhase section */

/* Begin PBXVariantGroup section */
		5289B2D828579EEA0011B3D5 /* Main.storyboard */ = {
			isa = PBXVariantGroup;
			children = (
				5289B2D928579EEA0011B3D5 /* Base */,
			);
			name = Main.storyboard;
			sourceTree = "<group>";
		};
		5289B2DD28579EEB0011B3D5 /* LaunchScreen.storyboard */ = {
			isa = PBXVariantGroup;
			children = (
				5289B2DE28579EEB0011B3D5 /* Base */,
			);
			name = LaunchScreen.storyboard;
			sourceTree = "<group>";
		};
/* End PBXVariantGroup section */

/* Begin XCBuildConfiguration section */
		5289B2E128579EEB0011B3D5 /* Debug */ = {
			isa = XCBuildConfiguration;
			buildSettings = {
				ALWAYS_SEARCH_USER_PATHS = NO;
				CLANG_ANALYZER_NONNULL = YES;
				CLANG_ANALYZER_NUMBER_OBJECT_CONVERSION = YES_AGGRESSIVE;
				CLANG_CXX_LANGUAGE_STANDARD = "gnu++17";
				CLANG_ENABLE_MODULES = YES;
				CLANG_ENABLE_OBJC_ARC = YES;
				CLANG_ENABLE_OBJC_WEAK = YES;
				CLANG_WARN_BLOCK_CAPTURE_AUTORELEASING = YES;
				CLANG_WARN_BOOL_CONVERSION = YES;
				CLANG_WARN_COMMA = YES;
				CLANG_WARN_CONSTANT_CONVERSION = YES;
				CLANG_WARN_DEPRECATED_OBJC_IMPLEMENTATIONS = YES;
				CLANG_WARN_DIRECT_OBJC_ISA_USAGE = YES_ERROR;
				CLANG_WARN_DOCUMENTATION_COMMENTS = YES;
				CLANG_WARN_EMPTY_BODY = YES;
				CLANG_WARN_ENUM_CONVERSION = YES;
				CLANG_WARN_INFINITE_RECURSION = YES;
				CLANG_WARN_INT_CONVERSION = YES;
				CLANG_WARN_NON_LITERAL_NULL_CONVERSION = YES;
				CLANG_WARN_OBJC_IMPLICIT_RETAIN_SELF = YES;
				CLANG_WARN_OBJC_LITERAL_CONVERSION = YES;
				CLANG_WARN_OBJC_ROOT_CLASS = YES_ERROR;
				CLANG_WARN_QUOTED_INCLUDE_IN_FRAMEWORK_HEADER = YES;
				CLANG_WARN_RANGE_LOOP_ANALYSIS = YES;
				CLANG_WARN_STRICT_PROTOTYPES = YES;
				CLANG_WARN_SUSPICIOUS_MOVE = YES;
				CLANG_WARN_UNGUARDED_AVAILABILITY = YES_AGGRESSIVE;
				CLANG_WARN_UNREACHABLE_CODE = YES;
				CLANG_WARN__DUPLICATE_METHOD_MATCH = YES;
				COPY_PHASE_STRIP = NO;
				DEBUG_INFORMATION_FORMAT = dwarf;
				ENABLE_STRICT_OBJC_MSGSEND = YES;
				ENABLE_TESTABILITY = YES;
				GCC_C_LANGUAGE_STANDARD = gnu11;
				GCC_DYNAMIC_NO_PIC = NO;
				GCC_NO_COMMON_BLOCKS = YES;
				GCC_OPTIMIZATION_LEVEL = 0;
				GCC_PREPROCESSOR_DEFINITIONS = (
					"DEBUG=1",
					"$(inherited)",
				);
				GCC_WARN_64_TO_32_BIT_CONVERSION = YES;
				GCC_WARN_ABOUT_RETURN_TYPE = YES_ERROR;
				GCC_WARN_UNDECLARED_SELECTOR = YES;
				GCC_WARN_UNINITIALIZED_AUTOS = YES_AGGRESSIVE;
				GCC_WARN_UNUSED_FUNCTION = YES;
				GCC_WARN_UNUSED_VARIABLE = YES;
				IPHONEOS_DEPLOYMENT_TARGET = 15.5;
				MTL_ENABLE_DEBUG_INFO = INCLUDE_SOURCE;
				MTL_FAST_MATH = YES;
				ONLY_ACTIVE_ARCH = YES;
				SDKROOT = iphoneos;
				SWIFT_ACTIVE_COMPILATION_CONDITIONS = DEBUG;
				SWIFT_OPTIMIZATION_LEVEL = "-Onone";
			};
			name = Debug;
		};
		5289B2E228579EEB0011B3D5 /* Release */ = {
			isa = XCBuildConfiguration;
			buildSettings = {
				ALWAYS_SEARCH_USER_PATHS = NO;
				CLANG_ANALYZER_NONNULL = YES;
				CLANG_ANALYZER_NUMBER_OBJECT_CONVERSION = YES_AGGRESSIVE;
				CLANG_CXX_LANGUAGE_STANDARD = "gnu++17";
				CLANG_ENABLE_MODULES = YES;
				CLANG_ENABLE_OBJC_ARC = YES;
				CLANG_ENABLE_OBJC_WEAK = YES;
				CLANG_WARN_BLOCK_CAPTURE_AUTORELEASING = YES;
				CLANG_WARN_BOOL_CONVERSION = YES;
				CLANG_WARN_COMMA = YES;
				CLANG_WARN_CONSTANT_CONVERSION = YES;
				CLANG_WARN_DEPRECATED_OBJC_IMPLEMENTATIONS = YES;
				CLANG_WARN_DIRECT_OBJC_ISA_USAGE = YES_ERROR;
				CLANG_WARN_DOCUMENTATION_COMMENTS = YES;
				CLANG_WARN_EMPTY_BODY = YES;
				CLANG_WARN_ENUM_CONVERSION = YES;
				CLANG_WARN_INFINITE_RECURSION = YES;
				CLANG_WARN_INT_CONVERSION = YES;
				CLANG_WARN_NON_LITERAL_NULL_CONVERSION = YES;
				CLANG_WARN_OBJC_IMPLICIT_RETAIN_SELF = YES;
				CLANG_WARN_OBJC_LITERAL_CONVERSION = YES;
				CLANG_WARN_OBJC_ROOT_CLASS = YES_ERROR;
				CLANG_WARN_QUOTED_INCLUDE_IN_FRAMEWORK_HEADER = YES;
				CLANG_WARN_RANGE_LOOP_ANALYSIS = YES;
				CLANG_WARN_STRICT_PROTOTYPES = YES;
				CLANG_WARN_SUSPICIOUS_MOVE = YES;
				CLANG_WARN_UNGUARDED_AVAILABILITY = YES_AGGRESSIVE;
				CLANG_WARN_UNREACHABLE_CODE = YES;
				CLANG_WARN__DUPLICATE_METHOD_MATCH = YES;
				COPY_PHASE_STRIP = NO;
				DEBUG_INFORMATION_FORMAT = "dwarf-with-dsym";
				ENABLE_NS_ASSERTIONS = NO;
				ENABLE_STRICT_OBJC_MSGSEND = YES;
				GCC_C_LANGUAGE_STANDARD = gnu11;
				GCC_NO_COMMON_BLOCKS = YES;
				GCC_WARN_64_TO_32_BIT_CONVERSION = YES;
				GCC_WARN_ABOUT_RETURN_TYPE = YES_ERROR;
				GCC_WARN_UNDECLARED_SELECTOR = YES;
				GCC_WARN_UNINITIALIZED_AUTOS = YES_AGGRESSIVE;
				GCC_WARN_UNUSED_FUNCTION = YES;
				GCC_WARN_UNUSED_VARIABLE = YES;
				IPHONEOS_DEPLOYMENT_TARGET = 15.5;
				MTL_ENABLE_DEBUG_INFO = NO;
				MTL_FAST_MATH = YES;
				SDKROOT = iphoneos;
				SWIFT_COMPILATION_MODE = wholemodule;
				SWIFT_OPTIMIZATION_LEVEL = "-O";
				VALIDATE_PRODUCT = YES;
			};
			name = Release;
		};
		5289B2E428579EEB0011B3D5 /* Debug */ = {
			isa = XCBuildConfiguration;
			baseConfigurationReference = E9914D62E197766DE550D683 /* Pods-GBFrameworks.debug.xcconfig */;
			buildSettings = {
				ASSETCATALOG_COMPILER_APPICON_NAME = AppIcon;
				ASSETCATALOG_COMPILER_GLOBAL_ACCENT_COLOR_NAME = AccentColor;
				CODE_SIGN_STYLE = Automatic;
				CURRENT_PROJECT_VERSION = 1;
				DEVELOPMENT_TEAM = V2THZTN36Q;
				GENERATE_INFOPLIST_FILE = YES;
				INFOPLIST_FILE = GBFrameworks/Environments/Info.plist;
				INFOPLIST_KEY_NSLocationWhenInUseUsageDescription = "Для работы необходимо поделиться вашим местоположением";
				INFOPLIST_KEY_UIApplicationSupportsIndirectInputEvents = YES;
				INFOPLIST_KEY_UILaunchStoryboardName = LaunchScreen;
				INFOPLIST_KEY_UIMainStoryboardFile = Main;
				INFOPLIST_KEY_UISupportedInterfaceOrientations_iPad = "UIInterfaceOrientationPortrait UIInterfaceOrientationPortraitUpsideDown UIInterfaceOrientationLandscapeLeft UIInterfaceOrientationLandscapeRight";
				INFOPLIST_KEY_UISupportedInterfaceOrientations_iPhone = "UIInterfaceOrientationPortrait UIInterfaceOrientationLandscapeLeft UIInterfaceOrientationLandscapeRight";
				LD_RUNPATH_SEARCH_PATHS = (
					"$(inherited)",
					"@executable_path/Frameworks",
				);
				MARKETING_VERSION = 1.0;
				PRODUCT_BUNDLE_IDENTIFIER = com.test.GBFrameworks;
				PRODUCT_NAME = "$(TARGET_NAME)";
				SWIFT_EMIT_LOC_STRINGS = YES;
				SWIFT_VERSION = 5.0;
				TARGETED_DEVICE_FAMILY = 1;
			};
			name = Debug;
		};
		5289B2E528579EEB0011B3D5 /* Release */ = {
			isa = XCBuildConfiguration;
			baseConfigurationReference = 97231444261A5D904113AC4D /* Pods-GBFrameworks.release.xcconfig */;
			buildSettings = {
				ASSETCATALOG_COMPILER_APPICON_NAME = AppIcon;
				ASSETCATALOG_COMPILER_GLOBAL_ACCENT_COLOR_NAME = AccentColor;
				CODE_SIGN_STYLE = Automatic;
				CURRENT_PROJECT_VERSION = 1;
				DEVELOPMENT_TEAM = V2THZTN36Q;
				GENERATE_INFOPLIST_FILE = YES;
				INFOPLIST_FILE = GBFrameworks/Environments/Info.plist;
				INFOPLIST_KEY_NSLocationWhenInUseUsageDescription = "Для работы необходимо поделиться вашим местоположением";
				INFOPLIST_KEY_UIApplicationSupportsIndirectInputEvents = YES;
				INFOPLIST_KEY_UILaunchStoryboardName = LaunchScreen;
				INFOPLIST_KEY_UIMainStoryboardFile = Main;
				INFOPLIST_KEY_UISupportedInterfaceOrientations_iPad = "UIInterfaceOrientationPortrait UIInterfaceOrientationPortraitUpsideDown UIInterfaceOrientationLandscapeLeft UIInterfaceOrientationLandscapeRight";
				INFOPLIST_KEY_UISupportedInterfaceOrientations_iPhone = "UIInterfaceOrientationPortrait UIInterfaceOrientationLandscapeLeft UIInterfaceOrientationLandscapeRight";
				LD_RUNPATH_SEARCH_PATHS = (
					"$(inherited)",
					"@executable_path/Frameworks",
				);
				MARKETING_VERSION = 1.0;
				PRODUCT_BUNDLE_IDENTIFIER = com.test.GBFrameworks;
				PRODUCT_NAME = "$(TARGET_NAME)";
				SWIFT_EMIT_LOC_STRINGS = YES;
				SWIFT_VERSION = 5.0;
				TARGETED_DEVICE_FAMILY = 1;
			};
			name = Release;
		};
/* End XCBuildConfiguration section */

/* Begin XCConfigurationList section */
		5289B2CA28579EEA0011B3D5 /* Build configuration list for PBXProject "GBFrameworks" */ = {
			isa = XCConfigurationList;
			buildConfigurations = (
				5289B2E128579EEB0011B3D5 /* Debug */,
				5289B2E228579EEB0011B3D5 /* Release */,
			);
			defaultConfigurationIsVisible = 0;
			defaultConfigurationName = Release;
		};
		5289B2E328579EEB0011B3D5 /* Build configuration list for PBXNativeTarget "GBFrameworks" */ = {
			isa = XCConfigurationList;
			buildConfigurations = (
				5289B2E428579EEB0011B3D5 /* Debug */,
				5289B2E528579EEB0011B3D5 /* Release */,
			);
			defaultConfigurationIsVisible = 0;
			defaultConfigurationName = Release;
		};
/* End XCConfigurationList section */
	};
	rootObject = 5289B2C728579EEA0011B3D5 /* Project object */;
}
